
Microsoft Visual Studio Solution File, Format Version 12.00
# Visual Studio 15
VisualStudioVersion = 15.0.27130.2024
MinimumVisualStudioVersion = 10.0.40219.1
Project("{FAE04EC0-301F-11D3-BF4B-00C04F79EFBC}") = "DA.Finance.Home.Dto", "DA.Finance.Home.Dto\DA.Finance.Home.Dto.csproj", "{4FFA6EBB-284F-470E-A19B-4B1B6E6848F6}"
EndProject
Project("{2150E333-8FDC-42A3-9474-1A3956D46DE8}") = "DA.Finance.Home.IO", "DA.Finance.Home.IO", "{E3EC9BF7-F5D8-43D1-B738-C56DE3852565}"
EndProject
Project("{FAE04EC0-301F-11D3-BF4B-00C04F79EFBC}") = "DA.Finance.Home.IO.Storage.Contracts", "DA.Finance.Home.Storage.Contracts\DA.Finance.Home.IO.Storage.Contracts.csproj", "{4653829B-3711-4344-B9E3-B1266D5A5E26}"
EndProject
Project("{FAE04EC0-301F-11D3-BF4B-00C04F79EFBC}") = "DA.Finance.Home.IO.Serializer.Contracts", "DA.Finance.Home.IO.Serializer.Contracts\DA.Finance.Home.IO.Serializer.Contracts.csproj", "{765067A9-45AD-4847-86D8-D37E8BF2D286}"
EndProject
Project("{2150E333-8FDC-42A3-9474-1A3956D46DE8}") = "Serializer", "Serializer", "{65CF4BAF-C7B3-4A1B-821E-1164B832D0DF}"
EndProject
Project("{2150E333-8FDC-42A3-9474-1A3956D46DE8}") = "Storage", "Storage", "{AAB092E5-1F02-49D3-A866-C609E4C93A83}"
EndProject
Project("{2150E333-8FDC-42A3-9474-1A3956D46DE8}") = "TempProjects", "TempProjects", "{E507813D-71BF-42D7-9969-0EEA1C02DB5D}"
EndProject
Project("{2150E333-8FDC-42A3-9474-1A3956D46DE8}") = "DA.Finance.Home.UI", "DA.Finance.Home.UI", "{5B687B7E-3619-4E9F-9A85-E89992579873}"
EndProject
Project("{FAE04EC0-301F-11D3-BF4B-00C04F79EFBC}") = "DA.Finance.Home.Commons", "DA.Finance.Home.Commons\DA.Finance.Home.Commons.csproj", "{67714B22-D7E4-48CE-97EB-EAFAD9BA9788}"
EndProject
Project("{FAE04EC0-301F-11D3-BF4B-00C04F79EFBC}") = "DA.Finance.Home.UnitTests", "DA.Finance.Home.UnitTests\DA.Finance.Home.UnitTests.csproj", "{5BCF1CE4-6E64-45EE-B11E-BE0BF8944B5D}"
EndProject
Project("{FAE04EC0-301F-11D3-BF4B-00C04F79EFBC}") = "DA.Finance.Home.IO.Serializer.JSON", "DA.Finance.Home.IO.Serializer.JSON\DA.Finance.Home.IO.Serializer.JSON.csproj", "{D82FD098-4AF0-48FA-B4C1-7E828762CA5B}"
EndProject
Project("{FAE04EC0-301F-11D3-BF4B-00C04F79EFBC}") = "TestSerializer", "TestSerializer\TestSerializer.csproj", "{5BB00257-C699-4562-8640-765AA408D86A}"
EndProject
Project("{FAE04EC0-301F-11D3-BF4B-00C04F79EFBC}") = "DA.Finance.Home.IO.Storage.MySql", "DA.Finance.Home.IO.Storage.MySql\DA.Finance.Home.IO.Storage.MySql.csproj", "{FB6FA5F8-B717-4FB9-B2EF-869D0B060F43}"
EndProject
Project("{2150E333-8FDC-42A3-9474-1A3956D46DE8}") = "MySql.CreateScripts", "MySql.CreateScripts", "{170911BA-AD44-431D-964F-027F7DA650C9}"
EndProject
Project("{FAE04EC0-301F-11D3-BF4B-00C04F79EFBC}") = "Test.MVVM.WPF", "Test.MVVM.WPF\Test.MVVM.WPF.csproj", "{124AFDB7-7C74-41EE-982D-49E10ABC98CF}"
EndProject
Project("{2150E333-8FDC-42A3-9474-1A3956D46DE8}") = "MVVM", "MVVM", "{23D1E394-8261-477B-9400-448288B1E403}"
EndProject
Project("{FAE04EC0-301F-11D3-BF4B-00C04F79EFBC}") = "DA.Finance.Home.MVVM.Framework", "DA.Finance.Home.MVVM.Framework\DA.Finance.Home.MVVM.Framework.csproj", "{400363CB-919C-4882-9C05-A70F8610BA41}"
EndProject
Project("{FAE04EC0-301F-11D3-BF4B-00C04F79EFBC}") = "DA.Finance.Home.MVVM.Model", "DA.Finance.Home.MVVM.Model\DA.Finance.Home.MVVM.Model.csproj", "{4C0D9950-C297-4927-9E0B-8756FB31F27C}"
EndProject
Project("{FAE04EC0-301F-11D3-BF4B-00C04F79EFBC}") = "DA.Finance.Home.MVVM.ViewModel", "DA.Finance.Home.MVVM.ViewModel\DA.Finance.Home.MVVM.ViewModel.csproj", "{FBBD2183-4919-4C8A-BF71-7BE17584D800}"
EndProject
Project("{FAE04EC0-301F-11D3-BF4B-00C04F79EFBC}") = "DA.Finance.Home.UI.WpfControls", "DA.Finance.Home.UI.WpfControls\DA.Finance.Home.UI.WpfControls.csproj", "{252E0FE4-ACEE-40CB-A66D-74D825645A32}"
EndProject
Global
	GlobalSection(SolutionConfigurationPlatforms) = preSolution
		Debug|Any CPU = Debug|Any CPU
		Release|Any CPU = Release|Any CPU
	EndGlobalSection
	GlobalSection(ProjectConfigurationPlatforms) = postSolution
		{4FFA6EBB-284F-470E-A19B-4B1B6E6848F6}.Debug|Any CPU.ActiveCfg = Debug|Any CPU
		{4FFA6EBB-284F-470E-A19B-4B1B6E6848F6}.Debug|Any CPU.Build.0 = Debug|Any CPU
		{4FFA6EBB-284F-470E-A19B-4B1B6E6848F6}.Release|Any CPU.ActiveCfg = Release|Any CPU
		{4FFA6EBB-284F-470E-A19B-4B1B6E6848F6}.Release|Any CPU.Build.0 = Release|Any CPU
		{4653829B-3711-4344-B9E3-B1266D5A5E26}.Debug|Any CPU.ActiveCfg = Debug|Any CPU
		{4653829B-3711-4344-B9E3-B1266D5A5E26}.Debug|Any CPU.Build.0 = Debug|Any CPU
		{4653829B-3711-4344-B9E3-B1266D5A5E26}.Release|Any CPU.ActiveCfg = Release|Any CPU
		{4653829B-3711-4344-B9E3-B1266D5A5E26}.Release|Any CPU.Build.0 = Release|Any CPU
		{765067A9-45AD-4847-86D8-D37E8BF2D286}.Debug|Any CPU.ActiveCfg = Debug|Any CPU
		{765067A9-45AD-4847-86D8-D37E8BF2D286}.Debug|Any CPU.Build.0 = Debug|Any CPU
		{765067A9-45AD-4847-86D8-D37E8BF2D286}.Release|Any CPU.ActiveCfg = Release|Any CPU
		{765067A9-45AD-4847-86D8-D37E8BF2D286}.Release|Any CPU.Build.0 = Release|Any CPU
		{67714B22-D7E4-48CE-97EB-EAFAD9BA9788}.Debug|Any CPU.ActiveCfg = Debug|Any CPU
		{67714B22-D7E4-48CE-97EB-EAFAD9BA9788}.Debug|Any CPU.Build.0 = Debug|Any CPU
		{67714B22-D7E4-48CE-97EB-EAFAD9BA9788}.Release|Any CPU.ActiveCfg = Release|Any CPU
		{67714B22-D7E4-48CE-97EB-EAFAD9BA9788}.Release|Any CPU.Build.0 = Release|Any CPU
		{5BCF1CE4-6E64-45EE-B11E-BE0BF8944B5D}.Debug|Any CPU.ActiveCfg = Debug|Any CPU
		{5BCF1CE4-6E64-45EE-B11E-BE0BF8944B5D}.Debug|Any CPU.Build.0 = Debug|Any CPU
		{5BCF1CE4-6E64-45EE-B11E-BE0BF8944B5D}.Release|Any CPU.ActiveCfg = Release|Any CPU
		{5BCF1CE4-6E64-45EE-B11E-BE0BF8944B5D}.Release|Any CPU.Build.0 = Release|Any CPU
		{D82FD098-4AF0-48FA-B4C1-7E828762CA5B}.Debug|Any CPU.ActiveCfg = Debug|Any CPU
		{D82FD098-4AF0-48FA-B4C1-7E828762CA5B}.Debug|Any CPU.Build.0 = Debug|Any CPU
		{D82FD098-4AF0-48FA-B4C1-7E828762CA5B}.Release|Any CPU.ActiveCfg = Release|Any CPU
		{D82FD098-4AF0-48FA-B4C1-7E828762CA5B}.Release|Any CPU.Build.0 = Release|Any CPU
		{5BB00257-C699-4562-8640-765AA408D86A}.Debug|Any CPU.ActiveCfg = Debug|Any CPU
		{5BB00257-C699-4562-8640-765AA408D86A}.Release|Any CPU.ActiveCfg = Release|Any CPU
		{5BB00257-C699-4562-8640-765AA408D86A}.Release|Any CPU.Build.0 = Release|Any CPU
		{FB6FA5F8-B717-4FB9-B2EF-869D0B060F43}.Debug|Any CPU.ActiveCfg = Debug|Any CPU
		{FB6FA5F8-B717-4FB9-B2EF-869D0B060F43}.Debug|Any CPU.Build.0 = Debug|Any CPU
		{FB6FA5F8-B717-4FB9-B2EF-869D0B060F43}.Release|Any CPU.ActiveCfg = Release|Any CPU
		{FB6FA5F8-B717-4FB9-B2EF-869D0B060F43}.Release|Any CPU.Build.0 = Release|Any CPU
		{124AFDB7-7C74-41EE-982D-49E10ABC98CF}.Debug|Any CPU.ActiveCfg = Debug|Any CPU
		{124AFDB7-7C74-41EE-982D-49E10ABC98CF}.Release|Any CPU.ActiveCfg = Release|Any CPU
		{124AFDB7-7C74-41EE-982D-49E10ABC98CF}.Release|Any CPU.Build.0 = Release|Any CPU
		{400363CB-919C-4882-9C05-A70F8610BA41}.Debug|Any CPU.ActiveCfg = Debug|Any CPU
		{400363CB-919C-4882-9C05-A70F8610BA41}.Debug|Any CPU.Build.0 = Debug|Any CPU
		{400363CB-919C-4882-9C05-A70F8610BA41}.Release|Any CPU.ActiveCfg = Release|Any CPU
		{400363CB-919C-4882-9C05-A70F8610BA41}.Release|Any CPU.Build.0 = Release|Any CPU
		{4C0D9950-C297-4927-9E0B-8756FB31F27C}.Debug|Any CPU.ActiveCfg = Debug|Any CPU
		{4C0D9950-C297-4927-9E0B-8756FB31F27C}.Debug|Any CPU.Build.0 = Debug|Any CPU
		{4C0D9950-C297-4927-9E0B-8756FB31F27C}.Release|Any CPU.ActiveCfg = Release|Any CPU
		{4C0D9950-C297-4927-9E0B-8756FB31F27C}.Release|Any CPU.Build.0 = Release|Any CPU
		{FBBD2183-4919-4C8A-BF71-7BE17584D800}.Debug|Any CPU.ActiveCfg = Debug|Any CPU
		{FBBD2183-4919-4C8A-BF71-7BE17584D800}.Debug|Any CPU.Build.0 = Debug|Any CPU
		{FBBD2183-4919-4C8A-BF71-7BE17584D800}.Release|Any CPU.ActiveCfg = Release|Any CPU
		{FBBD2183-4919-4C8A-BF71-7BE17584D800}.Release|Any CPU.Build.0 = Release|Any CPU
		{252E0FE4-ACEE-40CB-A66D-74D825645A32}.Debug|Any CPU.ActiveCfg = Debug|Any CPU
		{252E0FE4-ACEE-40CB-A66D-74D825645A32}.Debug|Any CPU.Build.0 = Debug|Any CPU
		{252E0FE4-ACEE-40CB-A66D-74D825645A32}.Release|Any CPU.ActiveCfg = Release|Any CPU
		{252E0FE4-ACEE-40CB-A66D-74D825645A32}.Release|Any CPU.Build.0 = Release|Any CPU
	EndGlobalSection
	GlobalSection(SolutionProperties) = preSolution
		HideSolutionNode = FALSE
	EndGlobalSection
	GlobalSection(NestedProjects) = preSolution
		{4653829B-3711-4344-B9E3-B1266D5A5E26} = {AAB092E5-1F02-49D3-A866-C609E4C93A83}
		{765067A9-45AD-4847-86D8-D37E8BF2D286} = {65CF4BAF-C7B3-4A1B-821E-1164B832D0DF}
		{65CF4BAF-C7B3-4A1B-821E-1164B832D0DF} = {E3EC9BF7-F5D8-43D1-B738-C56DE3852565}
		{AAB092E5-1F02-49D3-A866-C609E4C93A83} = {E3EC9BF7-F5D8-43D1-B738-C56DE3852565}
		{D82FD098-4AF0-48FA-B4C1-7E828762CA5B} = {65CF4BAF-C7B3-4A1B-821E-1164B832D0DF}
		{5BB00257-C699-4562-8640-765AA408D86A} = {E507813D-71BF-42D7-9969-0EEA1C02DB5D}
		{FB6FA5F8-B717-4FB9-B2EF-869D0B060F43} = {AAB092E5-1F02-49D3-A866-C609E4C93A83}
		{124AFDB7-7C74-41EE-982D-49E10ABC98CF} = {E507813D-71BF-42D7-9969-0EEA1C02DB5D}
		{400363CB-919C-4882-9C05-A70F8610BA41} = {23D1E394-8261-477B-9400-448288B1E403}
		{4C0D9950-C297-4927-9E0B-8756FB31F27C} = {23D1E394-8261-477B-9400-448288B1E403}
		{FBBD2183-4919-4C8A-BF71-7BE17584D800} = {23D1E394-8261-477B-9400-448288B1E403}
		{252E0FE4-ACEE-40CB-A66D-74D825645A32} = {5B687B7E-3619-4E9F-9A85-E89992579873}
	EndGlobalSection
	GlobalSection(ExtensibilityGlobals) = postSolution
		SolutionGuid = {C19C0364-B592-45EB-90DE-B08A801F6D5C}
	EndGlobalSection
EndGlobal
